
Microsoft Visual Studio Solution File, Format Version 12.00
# Visual Studio 2013
VisualStudioVersion = 12.0.31101.0
MinimumVisualStudioVersion = 10.0.40219.1
Project("{FAE04EC0-301F-11D3-BF4B-00C04F79EFBC}") = "20160408_1_SuperAdventure", "20160408_1_SuperAdventure\20160408_1_SuperAdventure.csproj", "{3B79E4A9-64CB-40C5-8883-4763DC5BC629}"
EndProject
Project("{FAE04EC0-301F-11D3-BF4B-00C04F79EFBC}") = "Engine", "Engine\Engine.csproj", "{78474143-286E-4D69-8D81-CC473164261B}"
EndProject
Global
	GlobalSection(SolutionConfigurationPlatforms) = preSolution
		Debug|Any CPU = Debug|Any CPU
		Release|Any CPU = Release|Any CPU
	EndGlobalSection
	GlobalSection(ProjectConfigurationPlatforms) = postSolution
		{3B79E4A9-64CB-40C5-8883-4763DC5BC629}.Debug|Any CPU.ActiveCfg = Debug|Any CPU
		{3B79E4A9-64CB-40C5-8883-4763DC5BC629}.Debug|Any CPU.Build.0 = Debug|Any CPU
		{3B79E4A9-64CB-40C5-8883-4763DC5BC629}.Release|Any CPU.ActiveCfg = Release|Any CPU
		{3B79E4A9-64CB-40C5-8883-4763DC5BC629}.Release|Any CPU.Build.0 = Release|Any CPU
		{78474143-286E-4D69-8D81-CC473164261B}.Debug|Any CPU.ActiveCfg = Debug|Any CPU
		{78474143-286E-4D69-8D81-CC473164261B}.Debug|Any CPU.Build.0 = Debug|Any CPU
		{78474143-286E-4D69-8D81-CC473164261B}.Release|Any CPU.ActiveCfg = Release|Any CPU
		{78474143-286E-4D69-8D81-CC473164261B}.Release|Any CPU.Build.0 = Release|Any CPU
	EndGlobalSection
	GlobalSection(SolutionProperties) = preSolution
		HideSolutionNode = FALSE
	EndGlobalSection
EndGlobal
